
Microsoft Visual Studio Solution File, Format Version 12.00
# Visual Studio Version 17
VisualStudioVersion = 17.0.31903.59
MinimumVisualStudioVersion = 10.0.40219.1
Project("{2150E333-8FDC-42A3-9474-1A3956D46DE8}") = "src", "src", "{0F812D0C-77D6-42BA-A39D-E5C9278D1436}"
EndProject
Project("{2150E333-8FDC-42A3-9474-1A3956D46DE8}") = "Solution Items", "Solution Items", "{19FB3D53-7C36-4D68-AFC8-6C135BB03CD1}"
EndProject
Project("{2150E333-8FDC-42A3-9474-1A3956D46DE8}") = "services", "services", "{84F9B2D9-6AD1-4F2D-9811-FD1DFF56A19C}"
EndProject
Project("{2150E333-8FDC-42A3-9474-1A3956D46DE8}") = "framework", "framework", "{A2576A1E-B7E6-48A7-94EE-CE7F00729731}"
EndProject
Project("{FAE04EC0-301F-11D3-BF4B-00C04F79EFBC}") = "merchY.AppHost", "src\framework\merchY.AppHost\merchY.AppHost.csproj", "{E653610F-5CB3-4AF9-A0FD-CD158D7E7AD2}"
EndProject
Project("{FAE04EC0-301F-11D3-BF4B-00C04F79EFBC}") = "merchY.ServiceDefaults", "src\framework\merchY.ServiceDefaults\merchY.ServiceDefaults.csproj", "{3E77172A-3DAE-4C5E-8BCD-BE3CADD58833}"
EndProject
Project("{2150E333-8FDC-42A3-9474-1A3956D46DE8}") = "shared", "shared", "{49B67AE4-D882-4155-B4E5-10D408F02DA5}"
EndProject
Global
	GlobalSection(SolutionConfigurationPlatforms) = preSolution
		Debug|Any CPU = Debug|Any CPU
		Release|Any CPU = Release|Any CPU
	EndGlobalSection
	GlobalSection(SolutionProperties) = preSolution
		HideSolutionNode = FALSE
	EndGlobalSection
	GlobalSection(NestedProjects) = preSolution
		{84F9B2D9-6AD1-4F2D-9811-FD1DFF56A19C} = {0F812D0C-77D6-42BA-A39D-E5C9278D1436}
		{A2576A1E-B7E6-48A7-94EE-CE7F00729731} = {0F812D0C-77D6-42BA-A39D-E5C9278D1436}
		{E653610F-5CB3-4AF9-A0FD-CD158D7E7AD2} = {A2576A1E-B7E6-48A7-94EE-CE7F00729731}
		{3E77172A-3DAE-4C5E-8BCD-BE3CADD58833} = {A2576A1E-B7E6-48A7-94EE-CE7F00729731}
		{49B67AE4-D882-4155-B4E5-10D408F02DA5} = {0F812D0C-77D6-42BA-A39D-E5C9278D1436}
	EndGlobalSection
	GlobalSection(ProjectConfigurationPlatforms) = postSolution
		{E653610F-5CB3-4AF9-A0FD-CD158D7E7AD2}.Debug|Any CPU.ActiveCfg = Debug|Any CPU
		{E653610F-5CB3-4AF9-A0FD-CD158D7E7AD2}.Debug|Any CPU.Build.0 = Debug|Any CPU
		{E653610F-5CB3-4AF9-A0FD-CD158D7E7AD2}.Release|Any CPU.ActiveCfg = Release|Any CPU
		{E653610F-5CB3-4AF9-A0FD-CD158D7E7AD2}.Release|Any CPU.Build.0 = Release|Any CPU
		{3E77172A-3DAE-4C5E-8BCD-BE3CADD58833}.Debug|Any CPU.ActiveCfg = Debug|Any CPU
		{3E77172A-3DAE-4C5E-8BCD-BE3CADD58833}.Debug|Any CPU.Build.0 = Debug|Any CPU
		{3E77172A-3DAE-4C5E-8BCD-BE3CADD58833}.Release|Any CPU.ActiveCfg = Release|Any CPU
		{3E77172A-3DAE-4C5E-8BCD-BE3CADD58833}.Release|Any CPU.Build.0 = Release|Any CPU
	EndGlobalSection
EndGlobal
